
Microsoft Visual Studio Solution File, Format Version 12.00
# Visual Studio Version 16
VisualStudioVersion = 16.0.32002.261
MinimumVisualStudioVersion = 10.0.40219.1
Project("{2150E333-8FDC-42A3-9474-1A3956D46DE8}") = "Server", "Server", "{725763D7-D183-41A7-9EB3-2AE6BA6B4759}"
EndProject
Project("{2150E333-8FDC-42A3-9474-1A3956D46DE8}") = "0. Layer SeedWork", "0. Layer SeedWork", "{6DF1B111-FCD5-46C1-9D25-8F98E5A67E99}"
EndProject
Project("{2150E333-8FDC-42A3-9474-1A3956D46DE8}") = "1. Distributed Services", "1. Distributed Services", "{69710192-FB36-4157-94C2-1823219CD9C8}"
EndProject
Project("{2150E333-8FDC-42A3-9474-1A3956D46DE8}") = "2. Application", "2. Application", "{D1539B71-4547-462E-B19C-55EC9EFF8BE2}"
EndProject
Project("{2150E333-8FDC-42A3-9474-1A3956D46DE8}") = "3. Domain", "3. Domain", "{A6664B8B-BBCC-4147-A071-64435B23F28D}"
EndProject
Project("{2150E333-8FDC-42A3-9474-1A3956D46DE8}") = "4. Infrastructure", "4. Infrastructure", "{9A9EBD75-6EC2-4565-B1E6-6BA60391634B}"
EndProject
Project("{FAE04EC0-301F-11D3-BF4B-00C04F79EFBC}") = "BCP.Application.Seedwork", "BCP.Application.Seedwork\BCP.Application.Seedwork.csproj", "{E7284EAA-671B-4293-A2E9-36EAC8477F3F}"
EndProject
Project("{FAE04EC0-301F-11D3-BF4B-00C04F79EFBC}") = "BCP.Domain.Seedwork", "BCP.Domain.Seedwork\BCP.Domain.Seedwork.csproj", "{00CB5CB6-1682-48C3-8D48-9131A87DB668}"
EndProject
Project("{FAE04EC0-301F-11D3-BF4B-00C04F79EFBC}") = "BCP.Repository.Seedwork", "BCP.Repository.Seedwork\BCP.Repository.Seedwork.csproj", "{E4773673-073F-4BCB-A0E3-9B686C3644C3}"
EndProject
Project("{2150E333-8FDC-42A3-9474-1A3956D46DE8}") = "WebAPI", "WebAPI", "{DA6110BE-7DD7-4762-B850-7939B8CAF2A6}"
EndProject
Project("{FAE04EC0-301F-11D3-BF4B-00C04F79EFBC}") = "BCP.TipoCambio.WebAPI", "BCP.TipoCambio.WebAPI\BCP.TipoCambio.WebAPI.csproj", "{BB0AA923-13B7-405B-A59F-DFF2117DDE79}"
EndProject
Project("{FAE04EC0-301F-11D3-BF4B-00C04F79EFBC}") = "BCP.TipoCambio.Application", "BCP.TipoCambio.Application\BCP.TipoCambio.Application.csproj", "{230C372A-1DAB-4067-B84B-685549F80BD4}"
EndProject
Project("{FAE04EC0-301F-11D3-BF4B-00C04F79EFBC}") = "BCP.TipoCambio.Domain", "BCP.TipoCambio.Domain\BCP.TipoCambio.Domain.csproj", "{81DBBA43-0E0F-41D7-A056-942F5AA4FB49}"
EndProject
Project("{FAE04EC0-301F-11D3-BF4B-00C04F79EFBC}") = "BCP.TipoCambio.DTO", "BCP.TipoCambio.DTO\BCP.TipoCambio.DTO.csproj", "{E37AC2AE-AF7F-4E3B-9150-4B1FE5447F9E}"
EndProject
Project("{2150E333-8FDC-42A3-9474-1A3956D46DE8}") = "Cross Cutting", "Cross Cutting", "{7BAACDEE-6AA9-44E4-B95D-FAC8467A1C1A}"
EndProject
Project("{FAE04EC0-301F-11D3-BF4B-00C04F79EFBC}") = "BCP.TipoCambio.Common", "BCP.TipoCambio.Common\BCP.TipoCambio.Common.csproj", "{D3C21FAA-8CE8-4E11-AC72-C008A7EEC024}"
EndProject
Project("{FAE04EC0-301F-11D3-BF4B-00C04F79EFBC}") = "BCP.TipoCambio.DependencyResolver", "BCP.TipoCambio.DependencyResolver\BCP.TipoCambio.DependencyResolver.csproj", "{8A61C1D2-61F8-4C52-9C07-B1BEA63051CC}"
EndProject
Project("{FAE04EC0-301F-11D3-BF4B-00C04F79EFBC}") = "BCP.TipoCambio.Translator", "BCP.TipoCambio.Translator\BCP.TipoCambio.Translator.csproj", "{33836DCC-A928-4B96-8227-7CBE062B30F3}"
EndProject
Project("{2150E333-8FDC-42A3-9474-1A3956D46DE8}") = "Data", "Data", "{3C9E0F2E-B8A8-4EF2-A655-5092A78ABFEA}"
EndProject
Project("{FAE04EC0-301F-11D3-BF4B-00C04F79EFBC}") = "BCP.TipoCambio.Repository", "BCP.TipoCambio.Repository\BCP.TipoCambio.Repository.csproj", "{872D3128-877B-4010-A254-F2971935DFE5}"
EndProject
Global
	GlobalSection(SolutionConfigurationPlatforms) = preSolution
		Debug|Any CPU = Debug|Any CPU
		Release|Any CPU = Release|Any CPU
	EndGlobalSection
	GlobalSection(ProjectConfigurationPlatforms) = postSolution
		{E7284EAA-671B-4293-A2E9-36EAC8477F3F}.Debug|Any CPU.ActiveCfg = Debug|Any CPU
		{E7284EAA-671B-4293-A2E9-36EAC8477F3F}.Debug|Any CPU.Build.0 = Debug|Any CPU
		{E7284EAA-671B-4293-A2E9-36EAC8477F3F}.Release|Any CPU.ActiveCfg = Release|Any CPU
		{E7284EAA-671B-4293-A2E9-36EAC8477F3F}.Release|Any CPU.Build.0 = Release|Any CPU
		{00CB5CB6-1682-48C3-8D48-9131A87DB668}.Debug|Any CPU.ActiveCfg = Debug|Any CPU
		{00CB5CB6-1682-48C3-8D48-9131A87DB668}.Debug|Any CPU.Build.0 = Debug|Any CPU
		{00CB5CB6-1682-48C3-8D48-9131A87DB668}.Release|Any CPU.ActiveCfg = Release|Any CPU
		{00CB5CB6-1682-48C3-8D48-9131A87DB668}.Release|Any CPU.Build.0 = Release|Any CPU
		{E4773673-073F-4BCB-A0E3-9B686C3644C3}.Debug|Any CPU.ActiveCfg = Debug|Any CPU
		{E4773673-073F-4BCB-A0E3-9B686C3644C3}.Debug|Any CPU.Build.0 = Debug|Any CPU
		{E4773673-073F-4BCB-A0E3-9B686C3644C3}.Release|Any CPU.ActiveCfg = Release|Any CPU
		{E4773673-073F-4BCB-A0E3-9B686C3644C3}.Release|Any CPU.Build.0 = Release|Any CPU
		{BB0AA923-13B7-405B-A59F-DFF2117DDE79}.Debug|Any CPU.ActiveCfg = Debug|Any CPU
		{BB0AA923-13B7-405B-A59F-DFF2117DDE79}.Debug|Any CPU.Build.0 = Debug|Any CPU
		{BB0AA923-13B7-405B-A59F-DFF2117DDE79}.Release|Any CPU.ActiveCfg = Release|Any CPU
		{BB0AA923-13B7-405B-A59F-DFF2117DDE79}.Release|Any CPU.Build.0 = Release|Any CPU
		{230C372A-1DAB-4067-B84B-685549F80BD4}.Debug|Any CPU.ActiveCfg = Debug|Any CPU
		{230C372A-1DAB-4067-B84B-685549F80BD4}.Debug|Any CPU.Build.0 = Debug|Any CPU
		{230C372A-1DAB-4067-B84B-685549F80BD4}.Release|Any CPU.ActiveCfg = Release|Any CPU
		{230C372A-1DAB-4067-B84B-685549F80BD4}.Release|Any CPU.Build.0 = Release|Any CPU
		{81DBBA43-0E0F-41D7-A056-942F5AA4FB49}.Debug|Any CPU.ActiveCfg = Debug|Any CPU
		{81DBBA43-0E0F-41D7-A056-942F5AA4FB49}.Debug|Any CPU.Build.0 = Debug|Any CPU
		{81DBBA43-0E0F-41D7-A056-942F5AA4FB49}.Release|Any CPU.ActiveCfg = Release|Any CPU
		{81DBBA43-0E0F-41D7-A056-942F5AA4FB49}.Release|Any CPU.Build.0 = Release|Any CPU
		{E37AC2AE-AF7F-4E3B-9150-4B1FE5447F9E}.Debug|Any CPU.ActiveCfg = Debug|Any CPU
		{E37AC2AE-AF7F-4E3B-9150-4B1FE5447F9E}.Debug|Any CPU.Build.0 = Debug|Any CPU
		{E37AC2AE-AF7F-4E3B-9150-4B1FE5447F9E}.Release|Any CPU.ActiveCfg = Release|Any CPU
		{E37AC2AE-AF7F-4E3B-9150-4B1FE5447F9E}.Release|Any CPU.Build.0 = Release|Any CPU
		{D3C21FAA-8CE8-4E11-AC72-C008A7EEC024}.Debug|Any CPU.ActiveCfg = Debug|Any CPU
		{D3C21FAA-8CE8-4E11-AC72-C008A7EEC024}.Debug|Any CPU.Build.0 = Debug|Any CPU
		{D3C21FAA-8CE8-4E11-AC72-C008A7EEC024}.Release|Any CPU.ActiveCfg = Release|Any CPU
		{D3C21FAA-8CE8-4E11-AC72-C008A7EEC024}.Release|Any CPU.Build.0 = Release|Any CPU
		{8A61C1D2-61F8-4C52-9C07-B1BEA63051CC}.Debug|Any CPU.ActiveCfg = Debug|Any CPU
		{8A61C1D2-61F8-4C52-9C07-B1BEA63051CC}.Debug|Any CPU.Build.0 = Debug|Any CPU
		{8A61C1D2-61F8-4C52-9C07-B1BEA63051CC}.Release|Any CPU.ActiveCfg = Release|Any CPU
		{8A61C1D2-61F8-4C52-9C07-B1BEA63051CC}.Release|Any CPU.Build.0 = Release|Any CPU
		{33836DCC-A928-4B96-8227-7CBE062B30F3}.Debug|Any CPU.ActiveCfg = Debug|Any CPU
		{33836DCC-A928-4B96-8227-7CBE062B30F3}.Debug|Any CPU.Build.0 = Debug|Any CPU
		{33836DCC-A928-4B96-8227-7CBE062B30F3}.Release|Any CPU.ActiveCfg = Release|Any CPU
		{33836DCC-A928-4B96-8227-7CBE062B30F3}.Release|Any CPU.Build.0 = Release|Any CPU
		{872D3128-877B-4010-A254-F2971935DFE5}.Debug|Any CPU.ActiveCfg = Debug|Any CPU
		{872D3128-877B-4010-A254-F2971935DFE5}.Debug|Any CPU.Build.0 = Debug|Any CPU
		{872D3128-877B-4010-A254-F2971935DFE5}.Release|Any CPU.ActiveCfg = Release|Any CPU
		{872D3128-877B-4010-A254-F2971935DFE5}.Release|Any CPU.Build.0 = Release|Any CPU
	EndGlobalSection
	GlobalSection(SolutionProperties) = preSolution
		HideSolutionNode = FALSE
	EndGlobalSection
	GlobalSection(NestedProjects) = preSolution
		{6DF1B111-FCD5-46C1-9D25-8F98E5A67E99} = {725763D7-D183-41A7-9EB3-2AE6BA6B4759}
		{69710192-FB36-4157-94C2-1823219CD9C8} = {725763D7-D183-41A7-9EB3-2AE6BA6B4759}
		{D1539B71-4547-462E-B19C-55EC9EFF8BE2} = {725763D7-D183-41A7-9EB3-2AE6BA6B4759}
		{A6664B8B-BBCC-4147-A071-64435B23F28D} = {725763D7-D183-41A7-9EB3-2AE6BA6B4759}
		{9A9EBD75-6EC2-4565-B1E6-6BA60391634B} = {725763D7-D183-41A7-9EB3-2AE6BA6B4759}
		{E7284EAA-671B-4293-A2E9-36EAC8477F3F} = {6DF1B111-FCD5-46C1-9D25-8F98E5A67E99}
		{00CB5CB6-1682-48C3-8D48-9131A87DB668} = {6DF1B111-FCD5-46C1-9D25-8F98E5A67E99}
		{E4773673-073F-4BCB-A0E3-9B686C3644C3} = {6DF1B111-FCD5-46C1-9D25-8F98E5A67E99}
		{DA6110BE-7DD7-4762-B850-7939B8CAF2A6} = {69710192-FB36-4157-94C2-1823219CD9C8}
		{BB0AA923-13B7-405B-A59F-DFF2117DDE79} = {DA6110BE-7DD7-4762-B850-7939B8CAF2A6}
		{230C372A-1DAB-4067-B84B-685549F80BD4} = {D1539B71-4547-462E-B19C-55EC9EFF8BE2}
		{81DBBA43-0E0F-41D7-A056-942F5AA4FB49} = {A6664B8B-BBCC-4147-A071-64435B23F28D}
		{E37AC2AE-AF7F-4E3B-9150-4B1FE5447F9E} = {D1539B71-4547-462E-B19C-55EC9EFF8BE2}
		{7BAACDEE-6AA9-44E4-B95D-FAC8467A1C1A} = {9A9EBD75-6EC2-4565-B1E6-6BA60391634B}
		{D3C21FAA-8CE8-4E11-AC72-C008A7EEC024} = {7BAACDEE-6AA9-44E4-B95D-FAC8467A1C1A}
		{8A61C1D2-61F8-4C52-9C07-B1BEA63051CC} = {7BAACDEE-6AA9-44E4-B95D-FAC8467A1C1A}
		{33836DCC-A928-4B96-8227-7CBE062B30F3} = {7BAACDEE-6AA9-44E4-B95D-FAC8467A1C1A}
		{3C9E0F2E-B8A8-4EF2-A655-5092A78ABFEA} = {9A9EBD75-6EC2-4565-B1E6-6BA60391634B}
		{872D3128-877B-4010-A254-F2971935DFE5} = {3C9E0F2E-B8A8-4EF2-A655-5092A78ABFEA}
	EndGlobalSection
	GlobalSection(ExtensibilityGlobals) = postSolution
		SolutionGuid = {D71A7790-CCB5-4E27-AFB3-24B988DEE0C5}
	EndGlobalSection
EndGlobal
